{
  "name": "Comp208_GroupProject_Group28",
  "version": "1.0.0",
  "lockfileVersion": 2,
  "requires": true,
  "packages": {
    "": {
      "name": "Comp208_GroupProject_Group28",
      "version": "1.0.0",
      "dependencies": {
        "echarts": "^5.3.1",
        "vue-echarts": "^6.0.2"
      }
    },
    "node_modules/echarts": {
      "version": "5.3.1",
      "resolved": "https://registry.npmjs.org/echarts/-/echarts-5.3.1.tgz",
      "integrity": "sha512-nWdlbgX3OVY0hpqncSvp0gDt1FRSKWn7lsWEH+PHmfCuvE0QmSw17pczQvm8AvawnLEkmf1Cts7YwQJZNC0AEQ==",
      "dependencies": {
        "tslib": "2.3.0",
        "zrender": "5.3.1"
      }
    },
    "node_modules/resize-detector": {
      "version": "0.3.0",
      "resolved": "https://registry.npmjs.org/resize-detector/-/resize-detector-0.3.0.tgz",
      "integrity": "sha512-R/tCuvuOHQ8o2boRP6vgx8hXCCy87H1eY9V5imBYeVNyNVpuL9ciReSccLj2gDcax9+2weXy3bc8Vv+NRXeEvQ=="
    },
    "node_modules/tslib": {
      "version": "2.3.0",
      "resolved": "https://registry.npmjs.org/tslib/-/tslib-2.3.0.tgz",
      "integrity": "sha512-N82ooyxVNm6h1riLCoyS9e3fuJ3AMG2zIZs2Gd1ATcSFjSA23Q0fzjjZeh0jbJvWVDZ0cJT8yaNNaaXHzueNjg=="
    },
    "node_modules/vue": {
      "version": "2.6.14",
      "resolved": "https://registry.npmjs.org/vue/-/vue-2.6.14.tgz",
      "integrity": "sha512-x2284lgYvjOMj3Za7kqzRcUSxBboHqtgRE2zlos1qWaOye5yUmHn42LB1250NJBLRwEcdrB0JRwyPTEPhfQjiQ==",
      "peer": true
    },
    "node_modules/vue-demi": {
      "version": "0.12.4",
      "resolved": "https://registry.npmjs.org/vue-demi/-/vue-demi-0.12.4.tgz",
      "integrity": "sha512-ztPDkFt0TSUdoq1ZI6oD730vgztBkiByhUW7L1cOTebiSBqSYfSQgnhYakYigBkyAybqCTH7h44yZuDJf2xILQ==",
      "hasInstallScript": true,
      "bin": {
        "vue-demi-fix": "bin/vue-demi-fix.js",
        "vue-demi-switch": "bin/vue-demi-switch.js"
      },
      "engines": {
        "node": ">=12"
      },
      "funding": {
        "url": "https://github.com/sponsors/antfu"
      },
      "peerDependencies": {
        "@vue/composition-api": "^1.0.0-rc.1",
        "vue": "^3.0.0-0 || ^2.6.0"
      },
      "peerDependenciesMeta": {
        "@vue/composition-api": {
          "optional": true
        }
      }
    },
    "node_modules/vue-echarts": {
      "version": "6.0.2",
      "resolved": "https://registry.npmjs.org/vue-echarts/-/vue-echarts-6.0.2.tgz",
      "integrity": "sha512-9xDokauJtAc389MNKbwi1I0VDmp4Y6ndAJTQ8T9K7H0ffosTe1OJSJbUtkT7/fVLDFzlCcmg2TfAKaMzbpg5yQ==",
      "hasInstallScript": true,
      "dependencies": {
        "resize-detector": "^0.3.0",
        "vue-demi": "^0.12.1"
      },
      "peerDependencies": {
        "@vue/composition-api": "^1.0.5",
        "echarts": "^5.1.2",
        "vue": "^2.6.12 || ^3.1.1"
      },
      "peerDependenciesMeta": {
        "@vue/composition-api": {
          "optional": true
        }
      }
    },
    "node_modules/zrender": {
      "version": "5.3.1",
      "resolved": "https://registry.npmjs.org/zrender/-/zrender-5.3.1.tgz",
      "integrity": "sha512-7olqIjy0gWfznKr6vgfnGBk7y4UtdMvdwFmK92vVQsQeDPyzkHW1OlrLEKg6GHz1W5ePf0FeN1q2vkl/HFqhXw==",
      "dependencies": {
        "tslib": "2.3.0"
      }
    }
  },
  "dependencies": {
    "echarts": {
      "version": "5.3.1",
      "resolved": "https://registry.npmjs.org/echarts/-/echarts-5.3.1.tgz",
      "integrity": "sha512-nWdlbgX3OVY0hpqncSvp0gDt1FRSKWn7lsWEH+PHmfCuvE0QmSw17pczQvm8AvawnLEkmf1Cts7YwQJZNC0AEQ==",
      "requires": {
        "tslib": "2.3.0",
        "zrender": "5.3.1"
      }
    },
    "resize-detector": {
      "version": "0.3.0",
      "resolved": "https://registry.npmjs.org/resize-detector/-/resize-detector-0.3.0.tgz",
      "integrity": "sha512-R/tCuvuOHQ8o2boRP6vgx8hXCCy87H1eY9V5imBYeVNyNVpuL9ciReSccLj2gDcax9+2weXy3bc8Vv+NRXeEvQ=="
    },
    "tslib": {
      "version": "2.3.0",
      "resolved": "https://registry.npmjs.org/tslib/-/tslib-2.3.0.tgz",
      "integrity": "sha512-N82ooyxVNm6h1riLCoyS9e3fuJ3AMG2zIZs2Gd1ATcSFjSA23Q0fzjjZeh0jbJvWVDZ0cJT8yaNNaaXHzueNjg=="
    },
    "vue": {
      "version": "2.6.14",
      "resolved": "https://registry.npmjs.org/vue/-/vue-2.6.14.tgz",
      "integrity": "sha512-x2284lgYvjOMj3Za7kqzRcUSxBboHqtgRE2zlos1qWaOye5yUmHn42LB1250NJBLRwEcdrB0JRwyPTEPhfQjiQ==",
      "peer": true
    },
    "vue-demi": {
      "version": "0.12.4",
      "resolved": "https://registry.npmjs.org/vue-demi/-/vue-demi-0.12.4.tgz",
      "integrity": "sha512-ztPDkFt0TSUdoq1ZI6oD730vgztBkiByhUW7L1cOTebiSBqSYfSQgnhYakYigBkyAybqCTH7h44yZuDJf2xILQ==",
      "requires": {}
    },
    "vue-echarts": {
      "version": "6.0.2",
      "resolved": "https://registry.npmjs.org/vue-echarts/-/vue-echarts-6.0.2.tgz",
      "integrity": "sha512-9xDokauJtAc389MNKbwi1I0VDmp4Y6ndAJTQ8T9K7H0ffosTe1OJSJbUtkT7/fVLDFzlCcmg2TfAKaMzbpg5yQ==",
      "requires": {
        "resize-detector": "^0.3.0",
        "vue-demi": "^0.12.1"
      }
    },
    "zrender": {
      "version": "5.3.1",
      "resolved": "https://registry.npmjs.org/zrender/-/zrender-5.3.1.tgz",
      "integrity": "sha512-7olqIjy0gWfznKr6vgfnGBk7y4UtdMvdwFmK92vVQsQeDPyzkHW1OlrLEKg6GHz1W5ePf0FeN1q2vkl/HFqhXw==",
      "requires": {
        "tslib": "2.3.0"
      }
    }
  }
}
